{
  "name": "structured-docs",
  "version": "1.0.0",
  "lockfileVersion": 3,
  "requires": true,
  "packages": {
    "": {
      "name": "structured-docs",
      "version": "1.0.0",
      "license": "ISC",
      "dependencies": {
        "marked": "^16.1.1",
        "vue-draggable-nested-tree": "^2.2.3"
      }
    },
    "node_modules/@babel/runtime": {
      "version": "7.28.2",
      "resolved": "https://registry.npmjs.org/@babel/runtime/-/runtime-7.28.2.tgz",
      "integrity": "sha512-KHp2IflsnGywDjBWDkR9iEqiWSpc8GIi0lgTT3mOElT0PP1tG26P4tmFI2YvAdzgq9RGyoHZQEIEdZy6Ec5xCA==",
      "license": "MIT",
      "engines": {
        "node": ">=6.9.0"
      }
    },
    "node_modules/drag-event-service": {
      "version": "0.0.6",
      "resolved": "https://registry.npmjs.org/drag-event-service/-/drag-event-service-0.0.6.tgz",
      "integrity": "sha512-ScjnHbcMvO0abUKRc5JJKa5eqWUJ+eGaoti8RRnAG++NK3oCIMfSpLs0smcugf/DBNbD9QornGmwFIvcugHEzw==",
      "license": "MIT",
      "dependencies": {
        "helper-js": "^1.2.0"
      }
    },
    "node_modules/draggable-helper": {
      "version": "1.0.20",
      "resolved": "https://registry.npmjs.org/draggable-helper/-/draggable-helper-1.0.20.tgz",
      "integrity": "sha512-/ym423hF2cIAIjhPj0SvDClg9aWvhWXxy0eABaXRo3Ofx2IQrsJdwb53geiyLxBQR63owjEHSVeLhjP/DQTq8A==",
      "license": "MIT",
      "dependencies": {
        "drag-event-service": "0.0.6",
        "helper-js": "^1.3.7"
      }
    },
    "node_modules/helper-js": {
      "version": "1.4.38",
      "resolved": "https://registry.npmjs.org/helper-js/-/helper-js-1.4.38.tgz",
      "integrity": "sha512-iRBdW6q9bYps14mWadLxAYWTOgCQX2F8DQCc4cVWGgtJ+Bjz+MFQqJEm6Da3/vSGRpl+H5eVTK1+nehdxoYcxA==",
      "license": "MIT",
      "dependencies": {
        "@babel/runtime": "^7.7.7"
      }
    },
    "node_modules/marked": {
      "version": "16.1.1",
      "resolved": "https://registry.npmjs.org/marked/-/marked-16.1.1.tgz",
      "integrity": "sha512-ij/2lXfCRT71L6u0M29tJPhP0bM5shLL3u5BePhFwPELj2blMJ6GDtD7PfJhRLhJ/c2UwrK17ySVcDzy2YHjHQ==",
      "license": "MIT",
      "bin": {
        "marked": "bin/marked.js"
      },
      "engines": {
        "node": ">= 20"
      }
    },
    "node_modules/tree-helper": {
      "version": "1.4.14",
      "resolved": "https://registry.npmjs.org/tree-helper/-/tree-helper-1.4.14.tgz",
      "integrity": "sha512-3OC6Nf1pH8yJNLtJv4nFPTmFz8ZBPWWXWbwGgySpwhb9D9xS6Ats99PdGtqxls9IJ0LHuqmxqb8xGnV7htGjqg==",
      "license": "MIT"
    },
    "node_modules/vue-draggable-nested-tree": {
      "version": "2.2.3",
      "resolved": "https://registry.npmjs.org/vue-draggable-nested-tree/-/vue-draggable-nested-tree-2.2.3.tgz",
      "integrity": "sha512-+VflBKftOVQnVtn+pjpYNqBQcxM0gmozUQE/bwAXCsDEX8n9UJW3+wFIQ6RQLPMO29LSRmv2LE3XX+JvnrifUg==",
      "license": "MIT",
      "dependencies": {
        "draggable-helper": "^1.0.18",
        "helper-js": "^1.3.0",
        "tree-helper": "^1.0.5",
        "vue-functions": "0.0.4"
      },
      "engines": {
        "node": ">= 6.0.0",
        "npm": ">= 3.0.0"
      }
    },
    "node_modules/vue-functions": {
      "version": "0.0.4",
      "resolved": "https://registry.npmjs.org/vue-functions/-/vue-functions-0.0.4.tgz",
      "integrity": "sha512-Eux80/cKxLsuKyVMYt9FC8OfFya0So6+tjOPlVOFzzpt41GqujbMX4naaMAdZ1sPHoWPVd5Gye0amVE4Z+QzcQ==",
      "license": "MIT",
      "dependencies": {
        "helper-js": "^1.1.1"
      }
    }
  }
}
